
Microsoft Visual Studio Solution File, Format Version 12.00
# Visual Studio Version 16
VisualStudioVersion = 16.0.28803.156
MinimumVisualStudioVersion = 10.0.40219.1
Project("{9A19103F-16F7-4668-BE54-9A1E7A4F7556}") = "Badger", "Badger\Badger.csproj", "{0A3C7B39-CC36-4345-9213-00A1BADF4114}"
EndProject
Project("{9A19103F-16F7-4668-BE54-9A1E7A4F7556}") = "Badger.Tests", "Badger.Tests\Badger.Tests.csproj", "{BD68E23E-7E2C-4AB3-9C44-3F0A6DB02828}"
EndProject
Project("{9A19103F-16F7-4668-BE54-9A1E7A4F7556}") = "Badger.Default.Installer.StubExecutable", "Badger.Default.Installer.StubExecutable\Badger.Default.Installer.StubExecutable.csproj", "{B2C43A66-3942-4B80-8FFB-61C54BA7F103}"
EndProject
Project("{9A19103F-16F7-4668-BE54-9A1E7A4F7556}") = "Badger.Default.Packager", "Badger.Default.Packager\Badger.Default.Packager.csproj", "{8E8B5C91-8218-411B-8837-F5D329874C0F}"
EndProject
Project("{FAE04EC0-301F-11D3-BF4B-00C04F79EFBC}") = "Badger.Default.Packager.Utilities.GetIcon", "Badger.Default.Packager.Utilities.GetIcon\Badger.Default.Packager.Utilities.GetIcon.csproj", "{16965E46-917C-49DB-A80D-E8BBB44EDC6B}"
EndProject
Project("{9A19103F-16F7-4668-BE54-9A1E7A4F7556}") = "Badger.Default.Redirector.StubExecutable", "Badger.Default.Redirector.StubExecutable\Badger.Default.Redirector.StubExecutable.csproj", "{898D5297-C686-473F-9F21-0A4F67E22B28}"
EndProject
Project("{FAE04EC0-301F-11D3-BF4B-00C04F79EFBC}") = "Badger.Default.Uninstaller.StubExecutable", "Badger.Default.Uninstaller.StubExecutable\Badger.Default.Uninstaller.StubExecutable.csproj", "{C728C991-B3B1-4754-8481-2FEFDE04DEA4}"
EndProject
Global
	GlobalSection(SolutionConfigurationPlatforms) = preSolution
		Debug|Any CPU = Debug|Any CPU
		Release|Any CPU = Release|Any CPU
	EndGlobalSection
	GlobalSection(ProjectConfigurationPlatforms) = postSolution
		{0A3C7B39-CC36-4345-9213-00A1BADF4114}.Debug|Any CPU.ActiveCfg = Debug|Any CPU
		{0A3C7B39-CC36-4345-9213-00A1BADF4114}.Debug|Any CPU.Build.0 = Debug|Any CPU
		{0A3C7B39-CC36-4345-9213-00A1BADF4114}.Release|Any CPU.ActiveCfg = Release|Any CPU
		{0A3C7B39-CC36-4345-9213-00A1BADF4114}.Release|Any CPU.Build.0 = Release|Any CPU
		{BD68E23E-7E2C-4AB3-9C44-3F0A6DB02828}.Debug|Any CPU.ActiveCfg = Debug|Any CPU
		{BD68E23E-7E2C-4AB3-9C44-3F0A6DB02828}.Debug|Any CPU.Build.0 = Debug|Any CPU
		{BD68E23E-7E2C-4AB3-9C44-3F0A6DB02828}.Release|Any CPU.ActiveCfg = Release|Any CPU
		{BD68E23E-7E2C-4AB3-9C44-3F0A6DB02828}.Release|Any CPU.Build.0 = Release|Any CPU
		{B2C43A66-3942-4B80-8FFB-61C54BA7F103}.Debug|Any CPU.ActiveCfg = Debug|Any CPU
		{B2C43A66-3942-4B80-8FFB-61C54BA7F103}.Debug|Any CPU.Build.0 = Debug|Any CPU
		{B2C43A66-3942-4B80-8FFB-61C54BA7F103}.Release|Any CPU.ActiveCfg = Release|Any CPU
		{B2C43A66-3942-4B80-8FFB-61C54BA7F103}.Release|Any CPU.Build.0 = Release|Any CPU
		{8E8B5C91-8218-411B-8837-F5D329874C0F}.Debug|Any CPU.ActiveCfg = Debug|Any CPU
		{8E8B5C91-8218-411B-8837-F5D329874C0F}.Debug|Any CPU.Build.0 = Debug|Any CPU
		{8E8B5C91-8218-411B-8837-F5D329874C0F}.Release|Any CPU.ActiveCfg = Release|Any CPU
		{8E8B5C91-8218-411B-8837-F5D329874C0F}.Release|Any CPU.Build.0 = Release|Any CPU
		{16965E46-917C-49DB-A80D-E8BBB44EDC6B}.Debug|Any CPU.ActiveCfg = Debug|Any CPU
		{16965E46-917C-49DB-A80D-E8BBB44EDC6B}.Debug|Any CPU.Build.0 = Debug|Any CPU
		{16965E46-917C-49DB-A80D-E8BBB44EDC6B}.Release|Any CPU.ActiveCfg = Release|Any CPU
		{16965E46-917C-49DB-A80D-E8BBB44EDC6B}.Release|Any CPU.Build.0 = Release|Any CPU
		{898D5297-C686-473F-9F21-0A4F67E22B28}.Debug|Any CPU.ActiveCfg = Debug|Any CPU
		{898D5297-C686-473F-9F21-0A4F67E22B28}.Debug|Any CPU.Build.0 = Debug|Any CPU
		{898D5297-C686-473F-9F21-0A4F67E22B28}.Release|Any CPU.ActiveCfg = Release|Any CPU
		{898D5297-C686-473F-9F21-0A4F67E22B28}.Release|Any CPU.Build.0 = Release|Any CPU
		{C728C991-B3B1-4754-8481-2FEFDE04DEA4}.Debug|Any CPU.ActiveCfg = Debug|Any CPU
		{C728C991-B3B1-4754-8481-2FEFDE04DEA4}.Debug|Any CPU.Build.0 = Debug|Any CPU
		{C728C991-B3B1-4754-8481-2FEFDE04DEA4}.Release|Any CPU.ActiveCfg = Release|Any CPU
		{C728C991-B3B1-4754-8481-2FEFDE04DEA4}.Release|Any CPU.Build.0 = Release|Any CPU
	EndGlobalSection
	GlobalSection(SolutionProperties) = preSolution
		HideSolutionNode = FALSE
	EndGlobalSection
	GlobalSection(ExtensibilityGlobals) = postSolution
		SolutionGuid = {739453C5-BEEB-472C-9508-09F890632C2B}
	EndGlobalSection
EndGlobal
