
Microsoft Visual Studio Solution File, Format Version 12.00
# Visual Studio Version 16
VisualStudioVersion = 16.0.28803.156
MinimumVisualStudioVersion = 10.0.40219.1
Project("{FAE04EC0-301F-11D3-BF4B-00C04F79EFBC}") = "Badger", "Badger\Badger.csproj", "{0A3C7B39-CC36-4345-9213-00A1BADF4114}"
EndProject
Project("{FAE04EC0-301F-11D3-BF4B-00C04F79EFBC}") = "Badger.Tests", "Badger.Tests\Badger.Tests.csproj", "{BD68E23E-7E2C-4AB3-9C44-3F0A6DB02828}"
EndProject
Project("{FAE04EC0-301F-11D3-BF4B-00C04F79EFBC}") = "Badger.Common", "Badger.Common\Badger.Common.csproj", "{04FB5DD1-3418-4B2A-805C-286233A65954}"
EndProject
Project("{FAE04EC0-301F-11D3-BF4B-00C04F79EFBC}") = "Badger.StubExecutable", "Badger.StubExecutable\Badger.StubExecutable.csproj", "{3A2B438B-3D69-4185-A774-4AC7EED0D3F5}"
EndProject
Project("{FAE04EC0-301F-11D3-BF4B-00C04F79EFBC}") = "Badger.Installer", "Badger.Installer\Badger.Installer.csproj", "{BB05A46C-E458-4F8F-8FB7-55E7B682C3CA}"
EndProject
Project("{FAE04EC0-301F-11D3-BF4B-00C04F79EFBC}") = "Badger.Installer.7Zip", "Badger.Installer.7Zip\Badger.Installer.7Zip.csproj", "{92533654-6873-46EB-8264-AA17D2A9A41E}"
EndProject
Project("{FAE04EC0-301F-11D3-BF4B-00C04F79EFBC}") = "Badger.Installer.7Zip.StubExecutable", "Badger.Installer.7Zip.StubExecutable\Badger.Installer.7Zip.StubExecutable.csproj", "{7D352708-76B6-4675-9BB2-9884DE2BBD0D}"
EndProject
Global
	GlobalSection(SolutionConfigurationPlatforms) = preSolution
		Debug|Any CPU = Debug|Any CPU
		Release|Any CPU = Release|Any CPU
	EndGlobalSection
	GlobalSection(ProjectConfigurationPlatforms) = postSolution
		{0A3C7B39-CC36-4345-9213-00A1BADF4114}.Debug|Any CPU.ActiveCfg = Debug|Any CPU
		{0A3C7B39-CC36-4345-9213-00A1BADF4114}.Debug|Any CPU.Build.0 = Debug|Any CPU
		{0A3C7B39-CC36-4345-9213-00A1BADF4114}.Release|Any CPU.ActiveCfg = Release|Any CPU
		{0A3C7B39-CC36-4345-9213-00A1BADF4114}.Release|Any CPU.Build.0 = Release|Any CPU
		{BD68E23E-7E2C-4AB3-9C44-3F0A6DB02828}.Debug|Any CPU.ActiveCfg = Debug|Any CPU
		{BD68E23E-7E2C-4AB3-9C44-3F0A6DB02828}.Debug|Any CPU.Build.0 = Debug|Any CPU
		{BD68E23E-7E2C-4AB3-9C44-3F0A6DB02828}.Release|Any CPU.ActiveCfg = Release|Any CPU
		{BD68E23E-7E2C-4AB3-9C44-3F0A6DB02828}.Release|Any CPU.Build.0 = Release|Any CPU
		{04FB5DD1-3418-4B2A-805C-286233A65954}.Debug|Any CPU.ActiveCfg = Debug|Any CPU
		{04FB5DD1-3418-4B2A-805C-286233A65954}.Debug|Any CPU.Build.0 = Debug|Any CPU
		{04FB5DD1-3418-4B2A-805C-286233A65954}.Release|Any CPU.ActiveCfg = Release|Any CPU
		{04FB5DD1-3418-4B2A-805C-286233A65954}.Release|Any CPU.Build.0 = Release|Any CPU
		{3A2B438B-3D69-4185-A774-4AC7EED0D3F5}.Debug|Any CPU.ActiveCfg = Debug|Any CPU
		{3A2B438B-3D69-4185-A774-4AC7EED0D3F5}.Debug|Any CPU.Build.0 = Debug|Any CPU
		{3A2B438B-3D69-4185-A774-4AC7EED0D3F5}.Release|Any CPU.ActiveCfg = Release|Any CPU
		{3A2B438B-3D69-4185-A774-4AC7EED0D3F5}.Release|Any CPU.Build.0 = Release|Any CPU
		{BB05A46C-E458-4F8F-8FB7-55E7B682C3CA}.Debug|Any CPU.ActiveCfg = Debug|Any CPU
		{BB05A46C-E458-4F8F-8FB7-55E7B682C3CA}.Debug|Any CPU.Build.0 = Debug|Any CPU
		{BB05A46C-E458-4F8F-8FB7-55E7B682C3CA}.Release|Any CPU.ActiveCfg = Release|Any CPU
		{BB05A46C-E458-4F8F-8FB7-55E7B682C3CA}.Release|Any CPU.Build.0 = Release|Any CPU
		{92533654-6873-46EB-8264-AA17D2A9A41E}.Debug|Any CPU.ActiveCfg = Debug|Any CPU
		{92533654-6873-46EB-8264-AA17D2A9A41E}.Debug|Any CPU.Build.0 = Debug|Any CPU
		{92533654-6873-46EB-8264-AA17D2A9A41E}.Release|Any CPU.ActiveCfg = Release|Any CPU
		{92533654-6873-46EB-8264-AA17D2A9A41E}.Release|Any CPU.Build.0 = Release|Any CPU
		{7D352708-76B6-4675-9BB2-9884DE2BBD0D}.Debug|Any CPU.ActiveCfg = Debug|Any CPU
		{7D352708-76B6-4675-9BB2-9884DE2BBD0D}.Debug|Any CPU.Build.0 = Debug|Any CPU
		{7D352708-76B6-4675-9BB2-9884DE2BBD0D}.Release|Any CPU.ActiveCfg = Release|Any CPU
		{7D352708-76B6-4675-9BB2-9884DE2BBD0D}.Release|Any CPU.Build.0 = Release|Any CPU
	EndGlobalSection
	GlobalSection(SolutionProperties) = preSolution
		HideSolutionNode = FALSE
	EndGlobalSection
	GlobalSection(ExtensibilityGlobals) = postSolution
		SolutionGuid = {739453C5-BEEB-472C-9508-09F890632C2B}
	EndGlobalSection
EndGlobal
