
Microsoft Visual Studio Solution File, Format Version 12.00
# Visual Studio Version 16
VisualStudioVersion = 16.0.28803.156
MinimumVisualStudioVersion = 10.0.40219.1
Project("{9A19103F-16F7-4668-BE54-9A1E7A4F7556}") = "Badger", "Badger\Badger.csproj", "{0A3C7B39-CC36-4345-9213-00A1BADF4114}"
EndProject
Project("{9A19103F-16F7-4668-BE54-9A1E7A4F7556}") = "Badger.Tests", "Badger.Tests\Badger.Tests.csproj", "{BD68E23E-7E2C-4AB3-9C44-3F0A6DB02828}"
EndProject
Project("{9A19103F-16F7-4668-BE54-9A1E7A4F7556}") = "Badger.Installer.Default.StubExecutable", "Badger.Installer.Default.StubExecutable\Badger.Installer.Default.StubExecutable.csproj", "{7D352708-76B6-4675-9BB2-9884DE2BBD0D}"
EndProject
Project("{9A19103F-16F7-4668-BE54-9A1E7A4F7556}") = "Badger.Installer.Default", "Badger.Installer.Default\Badger.Installer.Default.csproj", "{92533654-6873-46EB-8264-AA17D2A9A41E}"
EndProject
Project("{9A19103F-16F7-4668-BE54-9A1E7A4F7556}") = "Badger.Redirector.Default.StubExecutable", "Badger.Redirector.Default.StubExecutable\Badger.Redirector.Default.StubExecutable.csproj", "{2634E2CC-9C67-407F-9368-F8F2CE341A82}"
EndProject
Project("{FAE04EC0-301F-11D3-BF4B-00C04F79EFBC}") = "Badger.Installer.Default.Utilities.GetIcon", "Badger.Installer.Default.Utilities.GetIcon\Badger.Installer.Default.Utilities.GetIcon.csproj", "{16965E46-917C-49DB-A80D-E8BBB44EDC6B}"
EndProject
Global
	GlobalSection(SolutionConfigurationPlatforms) = preSolution
		Debug|Any CPU = Debug|Any CPU
		Release|Any CPU = Release|Any CPU
	EndGlobalSection
	GlobalSection(ProjectConfigurationPlatforms) = postSolution
		{0A3C7B39-CC36-4345-9213-00A1BADF4114}.Debug|Any CPU.ActiveCfg = Debug|Any CPU
		{0A3C7B39-CC36-4345-9213-00A1BADF4114}.Debug|Any CPU.Build.0 = Debug|Any CPU
		{0A3C7B39-CC36-4345-9213-00A1BADF4114}.Release|Any CPU.ActiveCfg = Release|Any CPU
		{0A3C7B39-CC36-4345-9213-00A1BADF4114}.Release|Any CPU.Build.0 = Release|Any CPU
		{BD68E23E-7E2C-4AB3-9C44-3F0A6DB02828}.Debug|Any CPU.ActiveCfg = Debug|Any CPU
		{BD68E23E-7E2C-4AB3-9C44-3F0A6DB02828}.Debug|Any CPU.Build.0 = Debug|Any CPU
		{BD68E23E-7E2C-4AB3-9C44-3F0A6DB02828}.Release|Any CPU.ActiveCfg = Release|Any CPU
		{BD68E23E-7E2C-4AB3-9C44-3F0A6DB02828}.Release|Any CPU.Build.0 = Release|Any CPU
		{7D352708-76B6-4675-9BB2-9884DE2BBD0D}.Debug|Any CPU.ActiveCfg = Debug|Any CPU
		{7D352708-76B6-4675-9BB2-9884DE2BBD0D}.Debug|Any CPU.Build.0 = Debug|Any CPU
		{7D352708-76B6-4675-9BB2-9884DE2BBD0D}.Release|Any CPU.ActiveCfg = Release|Any CPU
		{7D352708-76B6-4675-9BB2-9884DE2BBD0D}.Release|Any CPU.Build.0 = Release|Any CPU
		{92533654-6873-46EB-8264-AA17D2A9A41E}.Debug|Any CPU.ActiveCfg = Debug|Any CPU
		{92533654-6873-46EB-8264-AA17D2A9A41E}.Debug|Any CPU.Build.0 = Debug|Any CPU
		{92533654-6873-46EB-8264-AA17D2A9A41E}.Release|Any CPU.ActiveCfg = Release|Any CPU
		{92533654-6873-46EB-8264-AA17D2A9A41E}.Release|Any CPU.Build.0 = Release|Any CPU
		{2634E2CC-9C67-407F-9368-F8F2CE341A82}.Debug|Any CPU.ActiveCfg = Debug|Any CPU
		{2634E2CC-9C67-407F-9368-F8F2CE341A82}.Debug|Any CPU.Build.0 = Debug|Any CPU
		{2634E2CC-9C67-407F-9368-F8F2CE341A82}.Release|Any CPU.ActiveCfg = Release|Any CPU
		{2634E2CC-9C67-407F-9368-F8F2CE341A82}.Release|Any CPU.Build.0 = Release|Any CPU
		{16965E46-917C-49DB-A80D-E8BBB44EDC6B}.Debug|Any CPU.ActiveCfg = Debug|Any CPU
		{16965E46-917C-49DB-A80D-E8BBB44EDC6B}.Debug|Any CPU.Build.0 = Debug|Any CPU
		{16965E46-917C-49DB-A80D-E8BBB44EDC6B}.Release|Any CPU.ActiveCfg = Release|Any CPU
		{16965E46-917C-49DB-A80D-E8BBB44EDC6B}.Release|Any CPU.Build.0 = Release|Any CPU
	EndGlobalSection
	GlobalSection(SolutionProperties) = preSolution
		HideSolutionNode = FALSE
	EndGlobalSection
	GlobalSection(ExtensibilityGlobals) = postSolution
		SolutionGuid = {739453C5-BEEB-472C-9508-09F890632C2B}
	EndGlobalSection
EndGlobal
